PODS:
  - Nimble (7.1.1)
  - Nuke (6.1.1)
  - NVActivityIndicatorView (4.2.1):
    - NVActivityIndicatorView/Presenter (= 4.2.1)
  - NVActivityIndicatorView/Presenter (4.2.1)
  - OHHTTPStubs/Core (6.1.0)
  - OHHTTPStubs/Default (6.1.0):
    - OHHTTPStubs/Core
    - OHHTTPStubs/JSON
    - OHHTTPStubs/NSURLSession
    - OHHTTPStubs/OHPathHelpers
  - OHHTTPStubs/JSON (6.1.0):
    - OHHTTPStubs/Core
  - OHHTTPStubs/NSURLSession (6.1.0):
    - OHHTTPStubs/Core
  - OHHTTPStubs/OHPathHelpers (6.1.0)
  - OHHTTPStubs/Swift (6.1.0):
    - OHHTTPStubs/Default
  - Quick (1.3.0)
  - TTGTagCollectionView (1.9.0)

DEPENDENCIES:
  - Nimble
  - Nuke (~> 6.0)
  - NVActivityIndicatorView
  - OHHTTPStubs/Swift
  - Quick
  - TTGTagCollectionView

SPEC REPOS:
  https://github.com/cocoapods/specs.git:
    - Nimble
    - Nuke
    - NVActivityIndicatorView
    - OHHTTPStubs
    - Quick
    - TTGTagCollectionView

SPEC CHECKSUMS:
  Nimble: 391f07782af4b37914f9bd7b2ffbb952731b8202
  Nuke: bf5d58b2d95ff15cb170c231fe6002d706be77e1
  NVActivityIndicatorView: 8068ba3ad39cb44cbaab25d89ff2546b3f092681
  OHHTTPStubs: 1e21c7d2c084b8153fc53d48400d8919d2d432d0
  Quick: 03278013f71aa05fe9ecabc94fbcc6835f1ee76f
  TTGTagCollectionView: 958f20b946dee92a8ba20dc37d10a06737641ae9

PODFILE CHECKSUM: c0a5a9eb33f9a43d6a795ceb3fc1cf62de95cfe3

COCOAPODS: 1.5.3
