// !$*UTF8*$!
{
	archiveVersion = 1;
	classes = {
	};
	objectVersion = 50;
	objects = {

/* Begin PBXBuildFile section */
		0603F5F820C2B6F0002760B0 /* RecipeIngredientTableViewCell.xib in Resources */ = {isa = PBXBuildFile; fileRef = 0603F5F720C2B6F0002760B0 /* RecipeIngredientTableViewCell.xib */; };
		0603F5FA20C2B801002760B0 /* RecipeInstructionTableViewCell.xib in Resources */ = {isa = PBXBuildFile; fileRef = 0603F5F920C2B801002760B0 /* RecipeInstructionTableViewCell.xib */; };
		0603F5FC20C2B8DA002760B0 /* RecipeIngredientTableViewCell.swift in Sources */ = {isa = PBXBuildFile; fileRef = 0603F5FB20C2B8DA002760B0 /* RecipeIngredientTableViewCell.swift */; };
		0603F5FE20C2B8ED002760B0 /* RecipeInstructionTableViewCell.swift in Sources */ = {isa = PBXBuildFile; fileRef = 0603F5FD20C2B8ED002760B0 /* RecipeInstructionTableViewCell.swift */; };
		0603F60020C2DF97002760B0 /* RecipeHeaderView.xib in Resources */ = {isa = PBXBuildFile; fileRef = 0603F5FF20C2DF97002760B0 /* RecipeHeaderView.xib */; };
		0603F60220C2E051002760B0 /* RecipeHeaderView.swift in Sources */ = {isa = PBXBuildFile; fileRef = 0603F60120C2E051002760B0 /* RecipeHeaderView.swift */; };
		0637971C20BEFF4600188B68 /* CocktailAPIServiceSpec.swift in Sources */ = {isa = PBXBuildFile; fileRef = 0637971B20BEFF4600188B68 /* CocktailAPIServiceSpec.swift */; };
		0637971F20BF1F8A00188B68 /* load_cocktails_with_gin.json in Resources */ = {isa = PBXBuildFile; fileRef = 0637971E20BF1F8A00188B68 /* load_cocktails_with_gin.json */; };
		067B791F20C00F4F005FDB3D /* HomepageViewController.swift in Sources */ = {isa = PBXBuildFile; fileRef = 067B791E20C00F4F005FDB3D /* HomepageViewController.swift */; };
		06AAE1DE20C150BE0047A484 /* vodkaFirstScreenJSON.json in Resources */ = {isa = PBXBuildFile; fileRef = 06AAE1DD20C150BE0047A484 /* vodkaFirstScreenJSON.json */; };
		06AAE1E020C1516D0047A484 /* ginFirstScreenJSON.json in Resources */ = {isa = PBXBuildFile; fileRef = 06AAE1DF20C1516D0047A484 /* ginFirstScreenJSON.json */; };
		06AAE1E220C1518F0047A484 /* tequilaFirstScreenJSON.json in Resources */ = {isa = PBXBuildFile; fileRef = 06AAE1E120C1518F0047A484 /* tequilaFirstScreenJSON.json */; };
		06AAE1E420C151A90047A484 /* brandyFirstScreenJSON.json in Resources */ = {isa = PBXBuildFile; fileRef = 06AAE1E320C151A90047A484 /* brandyFirstScreenJSON.json */; };
		06AAE1E620C151C50047A484 /* rumFIrstScreenJSON.json in Resources */ = {isa = PBXBuildFile; fileRef = 06AAE1E520C151C50047A484 /* rumFIrstScreenJSON.json */; };
		06AAE1E820C153490047A484 /* rumRecipeJSON.json in Resources */ = {isa = PBXBuildFile; fileRef = 06AAE1E720C153490047A484 /* rumRecipeJSON.json */; };
		06AAE1EA20C153A00047A484 /* vodkaRecipeJSON.json in Resources */ = {isa = PBXBuildFile; fileRef = 06AAE1E920C153A00047A484 /* vodkaRecipeJSON.json */; };
		06AAE1EC20C153B60047A484 /* ginRecipeJSON.json in Resources */ = {isa = PBXBuildFile; fileRef = 06AAE1EB20C153B60047A484 /* ginRecipeJSON.json */; };
		06AAE1EE20C153CA0047A484 /* tequilaRecipeJSON.json in Resources */ = {isa = PBXBuildFile; fileRef = 06AAE1ED20C153CA0047A484 /* tequilaRecipeJSON.json */; };
		06AAE1F020C153DF0047A484 /* brandyRecipeJSON.json in Resources */ = {isa = PBXBuildFile; fileRef = 06AAE1EF20C153DF0047A484 /* brandyRecipeJSON.json */; };
		13F64479F5F8CECE1FA9B1B3 /* Pods_MixMakers.framework in Frameworks */ = {isa = PBXBuildFile; fileRef = F87CC8970C6052BC16D00EBD /* Pods_MixMakers.framework */; };
		690A383020C5752700AB4443 /* Ingredients.swift in Sources */ = {isa = PBXBuildFile; fileRef = 690A382F20C5752700AB4443 /* Ingredients.swift */; };
		691607BC20C1B2AF0001D6F3 /* ImportData.swift in Sources */ = {isa = PBXBuildFile; fileRef = 691607BB20C1B2AF0001D6F3 /* ImportData.swift */; };
		691607BE20C2A2D20001D6F3 /* CocktailListTests.swift in Sources */ = {isa = PBXBuildFile; fileRef = 691607BD20C2A2D20001D6F3 /* CocktailListTests.swift */; };
		691607C020C2A75A0001D6F3 /* chocolateCocktails.json in Resources */ = {isa = PBXBuildFile; fileRef = 691607BF20C2A75A0001D6F3 /* chocolateCocktails.json */; };
		691607C220C2B7020001D6F3 /* CombineSearch.swift in Sources */ = {isa = PBXBuildFile; fileRef = 691607C120C2B7020001D6F3 /* CombineSearch.swift */; };
		6921D79D20C0558500E4583B /* HomepageUITests.swift in Sources */ = {isa = PBXBuildFile; fileRef = 6921D78620C053AD00E4583B /* HomepageUITests.swift */; };
		6921D79E20C055F500E4583B /* HomepageUITests.swift in Sources */ = {isa = PBXBuildFile; fileRef = 6921D78620C053AD00E4583B /* HomepageUITests.swift */; };
		8FE6F6158839D4554FA5EA56 /* Pods_MixMakersUITests.framework in Frameworks */ = {isa = PBXBuildFile; fileRef = C38C676F997E4797A393DF5E /* Pods_MixMakersUITests.framework */; };
		B794018120BD99860035C82D /* AppDelegate.swift in Sources */ = {isa = PBXBuildFile; fileRef = B794018020BD99860035C82D /* AppDelegate.swift */; };
		B794018620BD99860035C82D /* Main.storyboard in Resources */ = {isa = PBXBuildFile; fileRef = B794018420BD99860035C82D /* Main.storyboard */; };
		B794018820BD99880035C82D /* Assets.xcassets in Resources */ = {isa = PBXBuildFile; fileRef = B794018720BD99880035C82D /* Assets.xcassets */; };
		B794018B20BD99880035C82D /* LaunchScreen.storyboard in Resources */ = {isa = PBXBuildFile; fileRef = B794018920BD99880035C82D /* LaunchScreen.storyboard */; };
		B79401AF20BDAF7B0035C82D /* SimpleCocktail.swift in Sources */ = {isa = PBXBuildFile; fileRef = B79401AE20BDAF7B0035C82D /* SimpleCocktail.swift */; };
		B79401B120BDC26A0035C82D /* CocktailAPIService.swift in Sources */ = {isa = PBXBuildFile; fileRef = B79401B020BDC26A0035C82D /* CocktailAPIService.swift */; };
		B79401B720BDFC250035C82D /* CocktailListViewController.swift in Sources */ = {isa = PBXBuildFile; fileRef = B79401B620BDFC250035C82D /* CocktailListViewController.swift */; };
		B79401BA20BDFC5E0035C82D /* CocktailListTableViewCell.swift in Sources */ = {isa = PBXBuildFile; fileRef = B79401B920BDFC5E0035C82D /* CocktailListTableViewCell.swift */; };
		B79401BC20BDFCCB0035C82D /* CocktailListView.xib in Resources */ = {isa = PBXBuildFile; fileRef = B79401BB20BDFCCB0035C82D /* CocktailListView.xib */; };
		C9ED2F0220C03AF800651FE3 /* recipeViewController.swift in Sources */ = {isa = PBXBuildFile; fileRef = C9ED2F0120C03AF800651FE3 /* recipeViewController.swift */; };
		C9ED2F0420C03EDF00651FE3 /* CocktailRecipes.swift in Sources */ = {isa = PBXBuildFile; fileRef = C9ED2F0320C03EDF00651FE3 /* CocktailRecipes.swift */; };
		C9ED2F0820C18B3600651FE3 /* RecipeAPIService.swift in Sources */ = {isa = PBXBuildFile; fileRef = C9ED2F0720C18B3600651FE3 /* RecipeAPIService.swift */; };
		F96E3D53FA6182261BEF39A3 /* Pods_MixMakersTests.framework in Frameworks */ = {isa = PBXBuildFile; fileRef = 393854ACEC2F095B15F994FA /* Pods_MixMakersTests.framework */; };
/* End PBXBuildFile section */

/* Begin PBXContainerItemProxy section */
		6921D79820C0557200E4583B /* PBXContainerItemProxy */ = {
			isa = PBXContainerItemProxy;
			containerPortal = B794017520BD99860035C82D /* Project object */;
			proxyType = 1;
			remoteGlobalIDString = B794017C20BD99860035C82D;
			remoteInfo = MixMakers;
		};
		698A019220BF3AE900618203 /* PBXContainerItemProxy */ = {
			isa = PBXContainerItemProxy;
			containerPortal = B794017520BD99860035C82D /* Project object */;
			proxyType = 1;
			remoteGlobalIDString = B794017C20BD99860035C82D;
			remoteInfo = MixMakers;
		};
		B794019220BD99880035C82D /* PBXContainerItemProxy */ = {
			isa = PBXContainerItemProxy;
			containerPortal = B794017520BD99860035C82D /* Project object */;
			proxyType = 1;
			remoteGlobalIDString = B794017C20BD99860035C82D;
			remoteInfo = MixMakers;
		};
		B794019D20BD99880035C82D /* PBXContainerItemProxy */ = {
			isa = PBXContainerItemProxy;
			containerPortal = B794017520BD99860035C82D /* Project object */;
			proxyType = 1;
			remoteGlobalIDString = B794017C20BD99860035C82D;
			remoteInfo = MixMakers;
		};
/* End PBXContainerItemProxy section */

/* Begin PBXFileReference section */
		0603F5F720C2B6F0002760B0 /* RecipeIngredientTableViewCell.xib */ = {isa = PBXFileReference; lastKnownFileType = file.xib; path = RecipeIngredientTableViewCell.xib; sourceTree = "<group>"; };
		0603F5F920C2B801002760B0 /* RecipeInstructionTableViewCell.xib */ = {isa = PBXFileReference; lastKnownFileType = file.xib; path = RecipeInstructionTableViewCell.xib; sourceTree = "<group>"; };
		0603F5FB20C2B8DA002760B0 /* RecipeIngredientTableViewCell.swift */ = {isa = PBXFileReference; lastKnownFileType = sourcecode.swift; path = RecipeIngredientTableViewCell.swift; sourceTree = "<group>"; };
		0603F5FD20C2B8ED002760B0 /* RecipeInstructionTableViewCell.swift */ = {isa = PBXFileReference; lastKnownFileType = sourcecode.swift; path = RecipeInstructionTableViewCell.swift; sourceTree = "<group>"; };
		0603F5FF20C2DF97002760B0 /* RecipeHeaderView.xib */ = {isa = PBXFileReference; lastKnownFileType = file.xib; path = RecipeHeaderView.xib; sourceTree = "<group>"; };
		0603F60120C2E051002760B0 /* RecipeHeaderView.swift */ = {isa = PBXFileReference; lastKnownFileType = sourcecode.swift; path = RecipeHeaderView.swift; sourceTree = "<group>"; };
		0637971B20BEFF4600188B68 /* CocktailAPIServiceSpec.swift */ = {isa = PBXFileReference; lastKnownFileType = sourcecode.swift; path = CocktailAPIServiceSpec.swift; sourceTree = "<group>"; };
		0637971E20BF1F8A00188B68 /* load_cocktails_with_gin.json */ = {isa = PBXFileReference; lastKnownFileType = text.json; path = load_cocktails_with_gin.json; sourceTree = "<group>"; };
		067B791E20C00F4F005FDB3D /* HomepageViewController.swift */ = {isa = PBXFileReference; fileEncoding = 4; lastKnownFileType = sourcecode.swift; path = HomepageViewController.swift; sourceTree = "<group>"; };
		06AAE1DD20C150BE0047A484 /* vodkaFirstScreenJSON.json */ = {isa = PBXFileReference; lastKnownFileType = text.json; path = vodkaFirstScreenJSON.json; sourceTree = "<group>"; };
		06AAE1DF20C1516D0047A484 /* ginFirstScreenJSON.json */ = {isa = PBXFileReference; lastKnownFileType = text.json; path = ginFirstScreenJSON.json; sourceTree = "<group>"; };
		06AAE1E120C1518F0047A484 /* tequilaFirstScreenJSON.json */ = {isa = PBXFileReference; lastKnownFileType = text.json; path = tequilaFirstScreenJSON.json; sourceTree = "<group>"; };
		06AAE1E320C151A90047A484 /* brandyFirstScreenJSON.json */ = {isa = PBXFileReference; lastKnownFileType = text.json; path = brandyFirstScreenJSON.json; sourceTree = "<group>"; };
		06AAE1E520C151C50047A484 /* rumFIrstScreenJSON.json */ = {isa = PBXFileReference; lastKnownFileType = text.json; path = rumFIrstScreenJSON.json; sourceTree = "<group>"; };
		06AAE1E720C153490047A484 /* rumRecipeJSON.json */ = {isa = PBXFileReference; lastKnownFileType = text.json; path = rumRecipeJSON.json; sourceTree = "<group>"; };
		06AAE1E920C153A00047A484 /* vodkaRecipeJSON.json */ = {isa = PBXFileReference; lastKnownFileType = text.json; path = vodkaRecipeJSON.json; sourceTree = "<group>"; };
		06AAE1EB20C153B60047A484 /* ginRecipeJSON.json */ = {isa = PBXFileReference; lastKnownFileType = text.json; path = ginRecipeJSON.json; sourceTree = "<group>"; };
		06AAE1ED20C153CA0047A484 /* tequilaRecipeJSON.json */ = {isa = PBXFileReference; lastKnownFileType = text.json; path = tequilaRecipeJSON.json; sourceTree = "<group>"; };
		06AAE1EF20C153DF0047A484 /* brandyRecipeJSON.json */ = {isa = PBXFileReference; lastKnownFileType = text.json; path = brandyRecipeJSON.json; sourceTree = "<group>"; };
		248F2533DC90900FFCAF4EA1 /* Pods-MixMakersUITests.release.xcconfig */ = {isa = PBXFileReference; includeInIndex = 1; lastKnownFileType = text.xcconfig; name = "Pods-MixMakersUITests.release.xcconfig"; path = "Pods/Target Support Files/Pods-MixMakersUITests/Pods-MixMakersUITests.release.xcconfig"; sourceTree = "<group>"; };
		393854ACEC2F095B15F994FA /* Pods_MixMakersTests.framework */ = {isa = PBXFileReference; explicitFileType = wrapper.framework; includeInIndex = 0; path = Pods_MixMakersTests.framework; sourceTree = BUILT_PRODUCTS_DIR; };
		3B6CC8C6F91670B0934EAC33 /* Pods-MixMakersUITests.debug.xcconfig */ = {isa = PBXFileReference; includeInIndex = 1; lastKnownFileType = text.xcconfig; name = "Pods-MixMakersUITests.debug.xcconfig"; path = "Pods/Target Support Files/Pods-MixMakersUITests/Pods-MixMakersUITests.debug.xcconfig"; sourceTree = "<group>"; };
		5F528E63ECCE108F4F828795 /* Pods-MixMakersTests.release.xcconfig */ = {isa = PBXFileReference; includeInIndex = 1; lastKnownFileType = text.xcconfig; name = "Pods-MixMakersTests.release.xcconfig"; path = "Pods/Target Support Files/Pods-MixMakersTests/Pods-MixMakersTests.release.xcconfig"; sourceTree = "<group>"; };
		690A382F20C5752700AB4443 /* Ingredients.swift */ = {isa = PBXFileReference; lastKnownFileType = sourcecode.swift; path = Ingredients.swift; sourceTree = "<group>"; };
		691607BB20C1B2AF0001D6F3 /* ImportData.swift */ = {isa = PBXFileReference; lastKnownFileType = sourcecode.swift; path = ImportData.swift; sourceTree = "<group>"; };
		691607BD20C2A2D20001D6F3 /* CocktailListTests.swift */ = {isa = PBXFileReference; lastKnownFileType = sourcecode.swift; path = CocktailListTests.swift; sourceTree = "<group>"; };
		691607BF20C2A75A0001D6F3 /* chocolateCocktails.json */ = {isa = PBXFileReference; lastKnownFileType = text.json; path = chocolateCocktails.json; sourceTree = "<group>"; };
		691607C120C2B7020001D6F3 /* CombineSearch.swift */ = {isa = PBXFileReference; lastKnownFileType = sourcecode.swift; path = CombineSearch.swift; sourceTree = "<group>"; };
		6921D78620C053AD00E4583B /* HomepageUITests.swift */ = {isa = PBXFileReference; fileEncoding = 4; lastKnownFileType = sourcecode.swift; name = HomepageUITests.swift; path = ../HomepageTests/HomepageUITests.swift; sourceTree = "<group>"; };
		6921D79320C0557200E4583B /* HomepageTests.xctest */ = {isa = PBXFileReference; explicitFileType = wrapper.cfbundle; includeInIndex = 0; path = HomepageTests.xctest; sourceTree = BUILT_PRODUCTS_DIR; };
		6D3C654FC3FB1DB947AE7091 /* Pods-MixMakersTests.debug.xcconfig */ = {isa = PBXFileReference; includeInIndex = 1; lastKnownFileType = text.xcconfig; name = "Pods-MixMakersTests.debug.xcconfig"; path = "Pods/Target Support Files/Pods-MixMakersTests/Pods-MixMakersTests.debug.xcconfig"; sourceTree = "<group>"; };
		B794017D20BD99860035C82D /* MixMakers.app */ = {isa = PBXFileReference; explicitFileType = wrapper.application; includeInIndex = 0; path = MixMakers.app; sourceTree = BUILT_PRODUCTS_DIR; };
		B794018020BD99860035C82D /* AppDelegate.swift */ = {isa = PBXFileReference; lastKnownFileType = sourcecode.swift; path = AppDelegate.swift; sourceTree = "<group>"; };
		B794018520BD99860035C82D /* Base */ = {isa = PBXFileReference; lastKnownFileType = file.storyboard; name = Base; path = Base.lproj/Main.storyboard; sourceTree = "<group>"; };
		B794018720BD99880035C82D /* Assets.xcassets */ = {isa = PBXFileReference; lastKnownFileType = folder.assetcatalog; path = Assets.xcassets; sourceTree = "<group>"; };
		B794018A20BD99880035C82D /* Base */ = {isa = PBXFileReference; lastKnownFileType = file.storyboard; name = Base; path = Base.lproj/LaunchScreen.storyboard; sourceTree = "<group>"; };
		B794018C20BD99880035C82D /* Info.plist */ = {isa = PBXFileReference; lastKnownFileType = text.plist.xml; path = Info.plist; sourceTree = "<group>"; };
		B794019120BD99880035C82D /* MixMakersTests.xctest */ = {isa = PBXFileReference; explicitFileType = wrapper.cfbundle; includeInIndex = 0; path = MixMakersTests.xctest; sourceTree = BUILT_PRODUCTS_DIR; };
		B794019720BD99880035C82D /* Info.plist */ = {isa = PBXFileReference; lastKnownFileType = text.plist.xml; path = Info.plist; sourceTree = "<group>"; };
		B794019C20BD99880035C82D /* MixMakersUITests.xctest */ = {isa = PBXFileReference; explicitFileType = wrapper.cfbundle; includeInIndex = 0; path = MixMakersUITests.xctest; sourceTree = BUILT_PRODUCTS_DIR; };
		B79401A220BD99880035C82D /* Info.plist */ = {isa = PBXFileReference; lastKnownFileType = text.plist.xml; path = Info.plist; sourceTree = "<group>"; };
		B79401AE20BDAF7B0035C82D /* SimpleCocktail.swift */ = {isa = PBXFileReference; lastKnownFileType = sourcecode.swift; path = SimpleCocktail.swift; sourceTree = "<group>"; };
		B79401B020BDC26A0035C82D /* CocktailAPIService.swift */ = {isa = PBXFileReference; lastKnownFileType = sourcecode.swift; path = CocktailAPIService.swift; sourceTree = "<group>"; };
		B79401B620BDFC250035C82D /* CocktailListViewController.swift */ = {isa = PBXFileReference; fileEncoding = 4; lastKnownFileType = sourcecode.swift; path = CocktailListViewController.swift; sourceTree = "<group>"; };
		B79401B920BDFC5E0035C82D /* CocktailListTableViewCell.swift */ = {isa = PBXFileReference; lastKnownFileType = sourcecode.swift; path = CocktailListTableViewCell.swift; sourceTree = "<group>"; };
		B79401BB20BDFCCB0035C82D /* CocktailListView.xib */ = {isa = PBXFileReference; lastKnownFileType = file.xib; path = CocktailListView.xib; sourceTree = "<group>"; };
		C38C676F997E4797A393DF5E /* Pods_MixMakersUITests.framework */ = {isa = PBXFileReference; explicitFileType = wrapper.framework; includeInIndex = 0; path = Pods_MixMakersUITests.framework; sourceTree = BUILT_PRODUCTS_DIR; };
		C9ED2F0120C03AF800651FE3 /* recipeViewController.swift */ = {isa = PBXFileReference; lastKnownFileType = sourcecode.swift; path = recipeViewController.swift; sourceTree = "<group>"; };
		C9ED2F0320C03EDF00651FE3 /* CocktailRecipes.swift */ = {isa = PBXFileReference; lastKnownFileType = sourcecode.swift; path = CocktailRecipes.swift; sourceTree = "<group>"; };
		C9ED2F0720C18B3600651FE3 /* RecipeAPIService.swift */ = {isa = PBXFileReference; lastKnownFileType = sourcecode.swift; path = RecipeAPIService.swift; sourceTree = "<group>"; };
		DB4321736AB74EFE86ECDF31 /* Pods-MixMakers.release.xcconfig */ = {isa = PBXFileReference; includeInIndex = 1; lastKnownFileType = text.xcconfig; name = "Pods-MixMakers.release.xcconfig"; path = "Pods/Target Support Files/Pods-MixMakers/Pods-MixMakers.release.xcconfig"; sourceTree = "<group>"; };
		F87CC8970C6052BC16D00EBD /* Pods_MixMakers.framework */ = {isa = PBXFileReference; explicitFileType = wrapper.framework; includeInIndex = 0; path = Pods_MixMakers.framework; sourceTree = BUILT_PRODUCTS_DIR; };
		FEE622283C62C3D829F12F32 /* Pods-MixMakers.debug.xcconfig */ = {isa = PBXFileReference; includeInIndex = 1; lastKnownFileType = text.xcconfig; name = "Pods-MixMakers.debug.xcconfig"; path = "Pods/Target Support Files/Pods-MixMakers/Pods-MixMakers.debug.xcconfig"; sourceTree = "<group>"; };
/* End PBXFileReference section */

/* Begin PBXFrameworksBuildPhase section */
		6921D79020C0557200E4583B /* Frameworks */ = {
			isa = PBXFrameworksBuildPhase;
			buildActionMask = 2147483647;
			files = (
			);
			runOnlyForDeploymentPostprocessing = 0;
		};
		69D1AD7C20BF01DA001906AE /* Frameworks */ = {
			isa = PBXFrameworksBuildPhase;
			buildActionMask = 2147483647;
			files = (
			);
			runOnlyForDeploymentPostprocessing = 0;
		};
		B794017A20BD99860035C82D /* Frameworks */ = {
			isa = PBXFrameworksBuildPhase;
			buildActionMask = 2147483647;
			files = (
				13F64479F5F8CECE1FA9B1B3 /* Pods_MixMakers.framework in Frameworks */,
			);
			runOnlyForDeploymentPostprocessing = 0;
		};
		B794018E20BD99880035C82D /* Frameworks */ = {
			isa = PBXFrameworksBuildPhase;
			buildActionMask = 2147483647;
			files = (
				F96E3D53FA6182261BEF39A3 /* Pods_MixMakersTests.framework in Frameworks */,
			);
			runOnlyForDeploymentPostprocessing = 0;
		};
		B794019920BD99880035C82D /* Frameworks */ = {
			isa = PBXFrameworksBuildPhase;
			buildActionMask = 2147483647;
			files = (
				8FE6F6158839D4554FA5EA56 /* Pods_MixMakersUITests.framework in Frameworks */,
			);
			runOnlyForDeploymentPostprocessing = 0;
		};
/* End PBXFrameworksBuildPhase section */

/* Begin PBXGroup section */
		0637971D20BF1F4900188B68 /* Fixtures */ = {
			isa = PBXGroup;
			children = (
				0637971E20BF1F8A00188B68 /* load_cocktails_with_gin.json */,
				691607BF20C2A75A0001D6F3 /* chocolateCocktails.json */,
			);
			path = Fixtures;
			sourceTree = "<group>";
		};
		06AAE1DC20C1507D0047A484 /* JSON */ = {
			isa = PBXGroup;
			children = (
				06AAE1DD20C150BE0047A484 /* vodkaFirstScreenJSON.json */,
				06AAE1DF20C1516D0047A484 /* ginFirstScreenJSON.json */,
				06AAE1E120C1518F0047A484 /* tequilaFirstScreenJSON.json */,
				06AAE1E320C151A90047A484 /* brandyFirstScreenJSON.json */,
				06AAE1E520C151C50047A484 /* rumFIrstScreenJSON.json */,
				06AAE1E720C153490047A484 /* rumRecipeJSON.json */,
				06AAE1E920C153A00047A484 /* vodkaRecipeJSON.json */,
				06AAE1EB20C153B60047A484 /* ginRecipeJSON.json */,
				06AAE1ED20C153CA0047A484 /* tequilaRecipeJSON.json */,
				06AAE1EF20C153DF0047A484 /* brandyRecipeJSON.json */,
			);
			path = JSON;
			sourceTree = "<group>";
		};
		44B5066B7C673A82284A3A25 /* Frameworks */ = {
			isa = PBXGroup;
			children = (
				F87CC8970C6052BC16D00EBD /* Pods_MixMakers.framework */,
				393854ACEC2F095B15F994FA /* Pods_MixMakersTests.framework */,
				C38C676F997E4797A393DF5E /* Pods_MixMakersUITests.framework */,
			);
			name = Frameworks;
			sourceTree = "<group>";
		};
		690A382E20C5750E00AB4443 /* Ingredients */ = {
			isa = PBXGroup;
			children = (
				690A382F20C5752700AB4443 /* Ingredients.swift */,
			);
			path = Ingredients;
			sourceTree = "<group>";
		};
		B53EA544FEDF7C79F5F745C2 /* Pods */ = {
			isa = PBXGroup;
			children = (
				FEE622283C62C3D829F12F32 /* Pods-MixMakers.debug.xcconfig */,
				DB4321736AB74EFE86ECDF31 /* Pods-MixMakers.release.xcconfig */,
				6D3C654FC3FB1DB947AE7091 /* Pods-MixMakersTests.debug.xcconfig */,
				5F528E63ECCE108F4F828795 /* Pods-MixMakersTests.release.xcconfig */,
				3B6CC8C6F91670B0934EAC33 /* Pods-MixMakersUITests.debug.xcconfig */,
				248F2533DC90900FFCAF4EA1 /* Pods-MixMakersUITests.release.xcconfig */,
			);
			name = Pods;
			sourceTree = "<group>";
		};
		B7047E2520C0978B005AD9C5 /* HomePage */ = {
			isa = PBXGroup;
			children = (
				690A382E20C5750E00AB4443 /* Ingredients */,
				067B791E20C00F4F005FDB3D /* HomepageViewController.swift */,
			);
			path = HomePage;
			sourceTree = "<group>";
		};
		B7047E2620C097A9005AD9C5 /* Recipe */ = {
			isa = PBXGroup;
			children = (
				C9ED2F0120C03AF800651FE3 /* recipeViewController.swift */,
				0603F5F720C2B6F0002760B0 /* RecipeIngredientTableViewCell.xib */,
				0603F5F920C2B801002760B0 /* RecipeInstructionTableViewCell.xib */,
				0603F5FB20C2B8DA002760B0 /* RecipeIngredientTableViewCell.swift */,
				0603F5FD20C2B8ED002760B0 /* RecipeInstructionTableViewCell.swift */,
				0603F5FF20C2DF97002760B0 /* RecipeHeaderView.xib */,
				0603F60120C2E051002760B0 /* RecipeHeaderView.swift */,
			);
			path = Recipe;
			sourceTree = "<group>";
		};
		B7047E2720C097C9005AD9C5 /* Models */ = {
			isa = PBXGroup;
			children = (
				B79401AE20BDAF7B0035C82D /* SimpleCocktail.swift */,
				C9ED2F0320C03EDF00651FE3 /* CocktailRecipes.swift */,
			);
			path = Models;
			sourceTree = "<group>";
		};
		B7047E2820C097EB005AD9C5 /* Services */ = {
			isa = PBXGroup;
			children = (
				B79401B020BDC26A0035C82D /* CocktailAPIService.swift */,
				C9ED2F0720C18B3600651FE3 /* RecipeAPIService.swift */,
			);
			path = Services;
			sourceTree = "<group>";
		};
		B794017420BD99860035C82D = {
			isa = PBXGroup;
			children = (
				B794017F20BD99860035C82D /* MixMakers */,
				B794019420BD99880035C82D /* MixMakersTests */,
				B794019F20BD99880035C82D /* MixMakersUITests */,
				B794017E20BD99860035C82D /* Products */,
				B53EA544FEDF7C79F5F745C2 /* Pods */,
				44B5066B7C673A82284A3A25 /* Frameworks */,
			);
			sourceTree = "<group>";
		};
		B794017E20BD99860035C82D /* Products */ = {
			isa = PBXGroup;
			children = (
				B794017D20BD99860035C82D /* MixMakers.app */,
				B794019120BD99880035C82D /* MixMakersTests.xctest */,
				B794019C20BD99880035C82D /* MixMakersUITests.xctest */,
				6921D79320C0557200E4583B /* HomepageTests.xctest */,
			);
			name = Products;
			sourceTree = "<group>";
		};
		B794017F20BD99860035C82D /* MixMakers */ = {
			isa = PBXGroup;
			children = (
				06AAE1DC20C1507D0047A484 /* JSON */,
				B7047E2820C097EB005AD9C5 /* Services */,
				B7047E2720C097C9005AD9C5 /* Models */,
				B7047E2620C097A9005AD9C5 /* Recipe */,
				B7047E2520C0978B005AD9C5 /* HomePage */,
				B79401B820BDFC2C0035C82D /* CocktailList */,
				B794018020BD99860035C82D /* AppDelegate.swift */,
				B794018420BD99860035C82D /* Main.storyboard */,
				B794018720BD99880035C82D /* Assets.xcassets */,
				B794018920BD99880035C82D /* LaunchScreen.storyboard */,
				B794018C20BD99880035C82D /* Info.plist */,
				691607BB20C1B2AF0001D6F3 /* ImportData.swift */,
			);
			path = MixMakers;
			sourceTree = "<group>";
		};
		B794019420BD99880035C82D /* MixMakersTests */ = {
			isa = PBXGroup;
			children = (
				0637971D20BF1F4900188B68 /* Fixtures */,
				691607BD20C2A2D20001D6F3 /* CocktailListTests.swift */,
				B794019720BD99880035C82D /* Info.plist */,
				0637971B20BEFF4600188B68 /* CocktailAPIServiceSpec.swift */,
			);
			path = MixMakersTests;
			sourceTree = "<group>";
		};
		B794019F20BD99880035C82D /* MixMakersUITests */ = {
			isa = PBXGroup;
			children = (
				6921D78620C053AD00E4583B /* HomepageUITests.swift */,
				B79401A220BD99880035C82D /* Info.plist */,
			);
			path = MixMakersUITests;
			sourceTree = "<group>";
		};
		B79401B820BDFC2C0035C82D /* CocktailList */ = {
			isa = PBXGroup;
			children = (
				B79401B620BDFC250035C82D /* CocktailListViewController.swift */,
				B79401B920BDFC5E0035C82D /* CocktailListTableViewCell.swift */,
				B79401BB20BDFCCB0035C82D /* CocktailListView.xib */,
				691607C120C2B7020001D6F3 /* CombineSearch.swift */,
			);
			path = CocktailList;
			sourceTree = "<group>";
		};
/* End PBXGroup section */

/* Begin PBXNativeTarget section */
		6921D79220C0557200E4583B /* HomepageTests */ = {
			isa = PBXNativeTarget;
			buildConfigurationList = 6921D79A20C0557200E4583B /* Build configuration list for PBXNativeTarget "HomepageTests" */;
			buildPhases = (
				6921D78F20C0557200E4583B /* Sources */,
				6921D79020C0557200E4583B /* Frameworks */,
				6921D79120C0557200E4583B /* Resources */,
			);
			buildRules = (
			);
			dependencies = (
				6921D79920C0557200E4583B /* PBXTargetDependency */,
			);
			name = HomepageTests;
			productName = HomepageTests;
			productReference = 6921D79320C0557200E4583B /* HomepageTests.xctest */;
			productType = "com.apple.product-type.bundle.unit-test";
		};
		69D1AD7E20BF01DA001906AE /* MixUITests */ = {
			isa = PBXNativeTarget;
			buildConfigurationList = 69D1AD8620BF01DA001906AE /* Build configuration list for PBXNativeTarget "MixUITests" */;
			buildPhases = (
				69D1AD7B20BF01DA001906AE /* Sources */,
				69D1AD7C20BF01DA001906AE /* Frameworks */,
				69D1AD7D20BF01DA001906AE /* Resources */,
			);
			buildRules = (
			);
			dependencies = (
				698A019320BF3AE900618203 /* PBXTargetDependency */,
			);
			name = MixUITests;
			productName = MixUITests;
			productType = "com.apple.product-type.bundle.ui-testing";
		};
		B794017C20BD99860035C82D /* MixMakers */ = {
			isa = PBXNativeTarget;
			buildConfigurationList = B79401A520BD99880035C82D /* Build configuration list for PBXNativeTarget "MixMakers" */;
			buildPhases = (
				1BAB6B6F8669ED66C4D789FF /* [CP] Check Pods Manifest.lock */,
				B794017920BD99860035C82D /* Sources */,
				B794017A20BD99860035C82D /* Frameworks */,
				B794017B20BD99860035C82D /* Resources */,
				FE1B17D6BD36BFB90FFFBA67 /* [CP] Embed Pods Frameworks */,
			);
			buildRules = (
			);
			dependencies = (
			);
			name = MixMakers;
			productName = MixMakers;
			productReference = B794017D20BD99860035C82D /* MixMakers.app */;
			productType = "com.apple.product-type.application";
		};
		B794019020BD99880035C82D /* MixMakersTests */ = {
			isa = PBXNativeTarget;
			buildConfigurationList = B79401A820BD99880035C82D /* Build configuration list for PBXNativeTarget "MixMakersTests" */;
			buildPhases = (
				C4E8E4DB1377DC685E7E9138 /* [CP] Check Pods Manifest.lock */,
				B794018D20BD99880035C82D /* Sources */,
				B794018E20BD99880035C82D /* Frameworks */,
				B794018F20BD99880035C82D /* Resources */,
				E4CD01BC92D93A9F05A953A8 /* [CP] Embed Pods Frameworks */,
			);
			buildRules = (
			);
			dependencies = (
				B794019320BD99880035C82D /* PBXTargetDependency */,
			);
			name = MixMakersTests;
			productName = MixMakersTests;
			productReference = B794019120BD99880035C82D /* MixMakersTests.xctest */;
			productType = "com.apple.product-type.bundle.unit-test";
		};
		B794019B20BD99880035C82D /* MixMakersUITests */ = {
			isa = PBXNativeTarget;
			buildConfigurationList = B79401AB20BD99880035C82D /* Build configuration list for PBXNativeTarget "MixMakersUITests" */;
			buildPhases = (
				D273ABDC613B0DCE2BC1346B /* [CP] Check Pods Manifest.lock */,
				B794019820BD99880035C82D /* Sources */,
				B794019920BD99880035C82D /* Frameworks */,
				B794019A20BD99880035C82D /* Resources */,
			);
			buildRules = (
			);
			dependencies = (
				B794019E20BD99880035C82D /* PBXTargetDependency */,
			);
			name = MixMakersUITests;
			productName = MixMakersUITests;
			productReference = B794019C20BD99880035C82D /* MixMakersUITests.xctest */;
			productType = "com.apple.product-type.bundle.ui-testing";
		};
/* End PBXNativeTarget section */

/* Begin PBXProject section */
		B794017520BD99860035C82D /* Project object */ = {
			isa = PBXProject;
			attributes = {
				LastSwiftUpdateCheck = 0930;
				LastUpgradeCheck = 0930;
				ORGANIZATIONNAME = MixMakers;
				TargetAttributes = {
					6921D79220C0557200E4583B = {
						CreatedOnToolsVersion = 9.3.1;
						TestTargetID = B794017C20BD99860035C82D;
					};
					69D1AD7E20BF01DA001906AE = {
						CreatedOnToolsVersion = 9.3.1;
						TestTargetID = B794017C20BD99860035C82D;
					};
					B794017C20BD99860035C82D = {
						CreatedOnToolsVersion = 9.3.1;
					};
					B794019020BD99880035C82D = {
						CreatedOnToolsVersion = 9.3.1;
						TestTargetID = B794017C20BD99860035C82D;
					};
					B794019B20BD99880035C82D = {
						CreatedOnToolsVersion = 9.3.1;
						TestTargetID = B794017C20BD99860035C82D;
					};
				};
			};
			buildConfigurationList = B794017820BD99860035C82D /* Build configuration list for PBXProject "MixMakers" */;
			compatibilityVersion = "Xcode 9.3";
			developmentRegion = en;
			hasScannedForEncodings = 0;
			knownRegions = (
				en,
				Base,
			);
			mainGroup = B794017420BD99860035C82D;
			productRefGroup = B794017E20BD99860035C82D /* Products */;
			projectDirPath = "";
			projectRoot = "";
			targets = (
				B794017C20BD99860035C82D /* MixMakers */,
				B794019020BD99880035C82D /* MixMakersTests */,
				B794019B20BD99880035C82D /* MixMakersUITests */,
				69D1AD7E20BF01DA001906AE /* MixUITests */,
				6921D79220C0557200E4583B /* HomepageTests */,
			);
		};
/* End PBXProject section */

/* Begin PBXResourcesBuildPhase section */
		6921D79120C0557200E4583B /* Resources */ = {
			isa = PBXResourcesBuildPhase;
			buildActionMask = 2147483647;
			files = (
			);
			runOnlyForDeploymentPostprocessing = 0;
		};
		69D1AD7D20BF01DA001906AE /* Resources */ = {
			isa = PBXResourcesBuildPhase;
			buildActionMask = 2147483647;
			files = (
			);
			runOnlyForDeploymentPostprocessing = 0;
		};
		B794017B20BD99860035C82D /* Resources */ = {
			isa = PBXResourcesBuildPhase;
			buildActionMask = 2147483647;
			files = (
				B794018B20BD99880035C82D /* LaunchScreen.storyboard in Resources */,
				06AAE1E620C151C50047A484 /* rumFIrstScreenJSON.json in Resources */,
				0603F5FA20C2B801002760B0 /* RecipeInstructionTableViewCell.xib in Resources */,
				0603F5F820C2B6F0002760B0 /* RecipeIngredientTableViewCell.xib in Resources */,
				B794018820BD99880035C82D /* Assets.xcassets in Resources */,
				B79401BC20BDFCCB0035C82D /* CocktailListView.xib in Resources */,
				06AAE1EA20C153A00047A484 /* vodkaRecipeJSON.json in Resources */,
				B794018620BD99860035C82D /* Main.storyboard in Resources */,
				0603F60020C2DF97002760B0 /* RecipeHeaderView.xib in Resources */,
				06AAE1E420C151A90047A484 /* brandyFirstScreenJSON.json in Resources */,
				06AAE1F020C153DF0047A484 /* brandyRecipeJSON.json in Resources */,
				06AAE1E820C153490047A484 /* rumRecipeJSON.json in Resources */,
				06AAE1EE20C153CA0047A484 /* tequilaRecipeJSON.json in Resources */,
				06AAE1DE20C150BE0047A484 /* vodkaFirstScreenJSON.json in Resources */,
				06AAE1E220C1518F0047A484 /* tequilaFirstScreenJSON.json in Resources */,
				06AAE1EC20C153B60047A484 /* ginRecipeJSON.json in Resources */,
				06AAE1E020C1516D0047A484 /* ginFirstScreenJSON.json in Resources */,
			);
			runOnlyForDeploymentPostprocessing = 0;
		};
		B794018F20BD99880035C82D /* Resources */ = {
			isa = PBXResourcesBuildPhase;
			buildActionMask = 2147483647;
			files = (
				691607C020C2A75A0001D6F3 /* chocolateCocktails.json in Resources */,
				0637971F20BF1F8A00188B68 /* load_cocktails_with_gin.json in Resources */,
			);
			runOnlyForDeploymentPostprocessing = 0;
		};
		B794019A20BD99880035C82D /* Resources */ = {
			isa = PBXResourcesBuildPhase;
			buildActionMask = 2147483647;
			files = (
			);
			runOnlyForDeploymentPostprocessing = 0;
		};
/* End PBXResourcesBuildPhase section */

/* Begin PBXShellScriptBuildPhase section */
		1BAB6B6F8669ED66C4D789FF /* [CP] Check Pods Manifest.lock */ = {
			isa = PBXShellScriptBuildPhase;
			buildActionMask = 2147483647;
			files = (
			);
			inputPaths = (
				"${PODS_PODFILE_DIR_PATH}/Podfile.lock",
				"${PODS_ROOT}/Manifest.lock",
			);
			name = "[CP] Check Pods Manifest.lock";
			outputPaths = (
				"$(DERIVED_FILE_DIR)/Pods-MixMakers-checkManifestLockResult.txt",
			);
			runOnlyForDeploymentPostprocessing = 0;
			shellPath = /bin/sh;
			shellScript = "diff \"${PODS_PODFILE_DIR_PATH}/Podfile.lock\" \"${PODS_ROOT}/Manifest.lock\" > /dev/null\nif [ $? != 0 ] ; then\n    # print error to STDERR\n    echo \"error: The sandbox is not in sync with the Podfile.lock. Run 'pod install' or update your CocoaPods installation.\" >&2\n    exit 1\nfi\n# This output is used by Xcode 'outputs' to avoid re-running this script phase.\necho \"SUCCESS\" > \"${SCRIPT_OUTPUT_FILE_0}\"\n";
			showEnvVarsInLog = 0;
		};
		C4E8E4DB1377DC685E7E9138 /* [CP] Check Pods Manifest.lock */ = {
			isa = PBXShellScriptBuildPhase;
			buildActionMask = 2147483647;
			files = (
			);
			inputPaths = (
				"${PODS_PODFILE_DIR_PATH}/Podfile.lock",
				"${PODS_ROOT}/Manifest.lock",
			);
			name = "[CP] Check Pods Manifest.lock";
			outputPaths = (
				"$(DERIVED_FILE_DIR)/Pods-MixMakersTests-checkManifestLockResult.txt",
			);
			runOnlyForDeploymentPostprocessing = 0;
			shellPath = /bin/sh;
			shellScript = "diff \"${PODS_PODFILE_DIR_PATH}/Podfile.lock\" \"${PODS_ROOT}/Manifest.lock\" > /dev/null\nif [ $? != 0 ] ; then\n    # print error to STDERR\n    echo \"error: The sandbox is not in sync with the Podfile.lock. Run 'pod install' or update your CocoaPods installation.\" >&2\n    exit 1\nfi\n# This output is used by Xcode 'outputs' to avoid re-running this script phase.\necho \"SUCCESS\" > \"${SCRIPT_OUTPUT_FILE_0}\"\n";
			showEnvVarsInLog = 0;
		};
		D273ABDC613B0DCE2BC1346B /* [CP] Check Pods Manifest.lock */ = {
			isa = PBXShellScriptBuildPhase;
			buildActionMask = 2147483647;
			files = (
			);
			inputPaths = (
				"${PODS_PODFILE_DIR_PATH}/Podfile.lock",
				"${PODS_ROOT}/Manifest.lock",
			);
			name = "[CP] Check Pods Manifest.lock";
			outputPaths = (
				"$(DERIVED_FILE_DIR)/Pods-MixMakersUITests-checkManifestLockResult.txt",
			);
			runOnlyForDeploymentPostprocessing = 0;
			shellPath = /bin/sh;
			shellScript = "diff \"${PODS_PODFILE_DIR_PATH}/Podfile.lock\" \"${PODS_ROOT}/Manifest.lock\" > /dev/null\nif [ $? != 0 ] ; then\n    # print error to STDERR\n    echo \"error: The sandbox is not in sync with the Podfile.lock. Run 'pod install' or update your CocoaPods installation.\" >&2\n    exit 1\nfi\n# This output is used by Xcode 'outputs' to avoid re-running this script phase.\necho \"SUCCESS\" > \"${SCRIPT_OUTPUT_FILE_0}\"\n";
			showEnvVarsInLog = 0;
		};
		E4CD01BC92D93A9F05A953A8 /* [CP] Embed Pods Frameworks */ = {
			isa = PBXShellScriptBuildPhase;
			buildActionMask = 2147483647;
			files = (
			);
			inputPaths = (
				"${SRCROOT}/Pods/Target Support Files/Pods-MixMakersTests/Pods-MixMakersTests-frameworks.sh",
				"${BUILT_PRODUCTS_DIR}/Nimble/Nimble.framework",
				"${BUILT_PRODUCTS_DIR}/OHHTTPStubs/OHHTTPStubs.framework",
				"${BUILT_PRODUCTS_DIR}/Quick/Quick.framework",
			);
			name = "[CP] Embed Pods Frameworks";
			outputPaths = (
				"${TARGET_BUILD_DIR}/${FRAMEWORKS_FOLDER_PATH}/Nimble.framework",
				"${TARGET_BUILD_DIR}/${FRAMEWORKS_FOLDER_PATH}/OHHTTPStubs.framework",
				"${TARGET_BUILD_DIR}/${FRAMEWORKS_FOLDER_PATH}/Quick.framework",
			);
			runOnlyForDeploymentPostprocessing = 0;
			shellPath = /bin/sh;
			shellScript = "\"${SRCROOT}/Pods/Target Support Files/Pods-MixMakersTests/Pods-MixMakersTests-frameworks.sh\"\n";
			showEnvVarsInLog = 0;
		};
		FE1B17D6BD36BFB90FFFBA67 /* [CP] Embed Pods Frameworks */ = {
			isa = PBXShellScriptBuildPhase;
			buildActionMask = 2147483647;
			files = (
			);
			inputPaths = (
				"${SRCROOT}/Pods/Target Support Files/Pods-MixMakers/Pods-MixMakers-frameworks.sh",
				"${BUILT_PRODUCTS_DIR}/Cards/Cards.framework",
				"${BUILT_PRODUCTS_DIR}/NVActivityIndicatorView/NVActivityIndicatorView.framework",
				"${BUILT_PRODUCTS_DIR}/Nuke/Nuke.framework",
				"${BUILT_PRODUCTS_DIR}/Player/Player.framework",
				"${BUILT_PRODUCTS_DIR}/SearchTextField/SearchTextField.framework",
			);
			name = "[CP] Embed Pods Frameworks";
			outputPaths = (
				"${TARGET_BUILD_DIR}/${FRAMEWORKS_FOLDER_PATH}/Cards.framework",
				"${TARGET_BUILD_DIR}/${FRAMEWORKS_FOLDER_PATH}/NVActivityIndicatorView.framework",
				"${TARGET_BUILD_DIR}/${FRAMEWORKS_FOLDER_PATH}/Nuke.framework",
				"${TARGET_BUILD_DIR}/${FRAMEWORKS_FOLDER_PATH}/Player.framework",
				"${TARGET_BUILD_DIR}/${FRAMEWORKS_FOLDER_PATH}/SearchTextField.framework",
			);
			runOnlyForDeploymentPostprocessing = 0;
			shellPath = /bin/sh;
			shellScript = "\"${SRCROOT}/Pods/Target Support Files/Pods-MixMakers/Pods-MixMakers-frameworks.sh\"\n";
			showEnvVarsInLog = 0;
		};
/* End PBXShellScriptBuildPhase section */

/* Begin PBXSourcesBuildPhase section */
		6921D78F20C0557200E4583B /* Sources */ = {
			isa = PBXSourcesBuildPhase;
			buildActionMask = 2147483647;
			files = (
				6921D79D20C0558500E4583B /* HomepageUITests.swift in Sources */,
			);
			runOnlyForDeploymentPostprocessing = 0;
		};
		69D1AD7B20BF01DA001906AE /* Sources */ = {
			isa = PBXSourcesBuildPhase;
			buildActionMask = 2147483647;
			files = (
			);
			runOnlyForDeploymentPostprocessing = 0;
		};
		B794017920BD99860035C82D /* Sources */ = {
			isa = PBXSourcesBuildPhase;
			buildActionMask = 2147483647;
			files = (
				B79401B120BDC26A0035C82D /* CocktailAPIService.swift in Sources */,
				B79401BA20BDFC5E0035C82D /* CocktailListTableViewCell.swift in Sources */,
				067B791F20C00F4F005FDB3D /* HomepageViewController.swift in Sources */,
				691607C220C2B7020001D6F3 /* CombineSearch.swift in Sources */,
				691607BC20C1B2AF0001D6F3 /* ImportData.swift in Sources */,
				B79401B720BDFC250035C82D /* CocktailListViewController.swift in Sources */,
				B79401AF20BDAF7B0035C82D /* SimpleCocktail.swift in Sources */,
				690A383020C5752700AB4443 /* Ingredients.swift in Sources */,
				C9ED2F0420C03EDF00651FE3 /* CocktailRecipes.swift in Sources */,
				B794018120BD99860035C82D /* AppDelegate.swift in Sources */,
				0603F5FE20C2B8ED002760B0 /* RecipeInstructionTableViewCell.swift in Sources */,
				0603F60220C2E051002760B0 /* RecipeHeaderView.swift in Sources */,
				C9ED2F0820C18B3600651FE3 /* RecipeAPIService.swift in Sources */,
				0603F5FC20C2B8DA002760B0 /* RecipeIngredientTableViewCell.swift in Sources */,
				C9ED2F0220C03AF800651FE3 /* recipeViewController.swift in Sources */,
			);
			runOnlyForDeploymentPostprocessing = 0;
		};
		B794018D20BD99880035C82D /* Sources */ = {
			isa = PBXSourcesBuildPhase;
			buildActionMask = 2147483647;
			files = (
				0637971C20BEFF4600188B68 /* CocktailAPIServiceSpec.swift in Sources */,
				691607BE20C2A2D20001D6F3 /* CocktailListTests.swift in Sources */,
			);
			runOnlyForDeploymentPostprocessing = 0;
		};
		B794019820BD99880035C82D /* Sources */ = {
			isa = PBXSourcesBuildPhase;
			buildActionMask = 2147483647;
			files = (
				6921D79E20C055F500E4583B /* HomepageUITests.swift in Sources */,
			);
			runOnlyForDeploymentPostprocessing = 0;
		};
/* End PBXSourcesBuildPhase section */

/* Begin PBXTargetDependency section */
		6921D79920C0557200E4583B /* PBXTargetDependency */ = {
			isa = PBXTargetDependency;
			target = B794017C20BD99860035C82D /* MixMakers */;
			targetProxy = 6921D79820C0557200E4583B /* PBXContainerItemProxy */;
		};
		698A019320BF3AE900618203 /* PBXTargetDependency */ = {
			isa = PBXTargetDependency;
			target = B794017C20BD99860035C82D /* MixMakers */;
			targetProxy = 698A019220BF3AE900618203 /* PBXContainerItemProxy */;
		};
		B794019320BD99880035C82D /* PBXTargetDependency */ = {
			isa = PBXTargetDependency;
			target = B794017C20BD99860035C82D /* MixMakers */;
			targetProxy = B794019220BD99880035C82D /* PBXContainerItemProxy */;
		};
		B794019E20BD99880035C82D /* PBXTargetDependency */ = {
			isa = PBXTargetDependency;
			target = B794017C20BD99860035C82D /* MixMakers */;
			targetProxy = B794019D20BD99880035C82D /* PBXContainerItemProxy */;
		};
/* End PBXTargetDependency section */

/* Begin PBXVariantGroup section */
		B794018420BD99860035C82D /* Main.storyboard */ = {
			isa = PBXVariantGroup;
			children = (
				B794018520BD99860035C82D /* Base */,
			);
			name = Main.storyboard;
			sourceTree = "<group>";
		};
		B794018920BD99880035C82D /* LaunchScreen.storyboard */ = {
			isa = PBXVariantGroup;
			children = (
				B794018A20BD99880035C82D /* Base */,
			);
			name = LaunchScreen.storyboard;
			sourceTree = "<group>";
		};
/* End PBXVariantGroup section */

/* Begin XCBuildConfiguration section */
		6921D79B20C0557200E4583B /* Debug */ = {
			isa = XCBuildConfiguration;
			buildSettings = {
				BUNDLE_LOADER = "$(TEST_HOST)";
				CODE_SIGN_STYLE = Automatic;
				DEVELOPMENT_TEAM = 545UKC23KK;
				INFOPLIST_FILE = HomepageTests/Info.plist;
				LD_RUNPATH_SEARCH_PATHS = (
					"$(inherited)",
					"@executable_path/Frameworks",
					"@loader_path/Frameworks",
				);
				PRODUCT_BUNDLE_IDENTIFIER = makers.HomepageTests;
				PRODUCT_NAME = "$(TARGET_NAME)";
				SWIFT_VERSION = 4.0;
				TARGETED_DEVICE_FAMILY = "1,2";
				TEST_HOST = "$(BUILT_PRODUCTS_DIR)/MixMakers.app/MixMakers";
			};
			name = Debug;
		};
		6921D79C20C0557200E4583B /* Release */ = {
			isa = XCBuildConfiguration;
			buildSettings = {
				BUNDLE_LOADER = "$(TEST_HOST)";
				CODE_SIGN_STYLE = Automatic;
				DEVELOPMENT_TEAM = 545UKC23KK;
				INFOPLIST_FILE = HomepageTests/Info.plist;
				LD_RUNPATH_SEARCH_PATHS = (
					"$(inherited)",
					"@executable_path/Frameworks",
					"@loader_path/Frameworks",
				);
				PRODUCT_BUNDLE_IDENTIFIER = makers.HomepageTests;
				PRODUCT_NAME = "$(TARGET_NAME)";
				SWIFT_VERSION = 4.0;
				TARGETED_DEVICE_FAMILY = "1,2";
				TEST_HOST = "$(BUILT_PRODUCTS_DIR)/MixMakers.app/MixMakers";
			};
			name = Release;
		};
		69D1AD8720BF01DA001906AE /* Debug */ = {
			isa = XCBuildConfiguration;
			buildSettings = {
				CODE_SIGN_STYLE = Automatic;
				INFOPLIST_FILE = MixUITests/Info.plist;
				LD_RUNPATH_SEARCH_PATHS = (
					"$(inherited)",
					"@executable_path/Frameworks",
					"@loader_path/Frameworks",
				);
				PRODUCT_BUNDLE_IDENTIFIER = makers.MixUITests;
				PRODUCT_NAME = "$(TARGET_NAME)";
				SWIFT_VERSION = 4.0;
				TARGETED_DEVICE_FAMILY = "1,2";
				TEST_TARGET_NAME = MixMakers;
			};
			name = Debug;
		};
		69D1AD8820BF01DA001906AE /* Release */ = {
			isa = XCBuildConfiguration;
			buildSettings = {
				CODE_SIGN_STYLE = Automatic;
				INFOPLIST_FILE = MixUITests/Info.plist;
				LD_RUNPATH_SEARCH_PATHS = (
					"$(inherited)",
					"@executable_path/Frameworks",
					"@loader_path/Frameworks",
				);
				PRODUCT_BUNDLE_IDENTIFIER = makers.MixUITests;
				PRODUCT_NAME = "$(TARGET_NAME)";
				SWIFT_VERSION = 4.0;
				TARGETED_DEVICE_FAMILY = "1,2";
				TEST_TARGET_NAME = MixMakers;
			};
			name = Release;
		};
		B79401A320BD99880035C82D /* Debug */ = {
			isa = XCBuildConfiguration;
			buildSettings = {
				ALWAYS_SEARCH_USER_PATHS = NO;
				CLANG_ANALYZER_NONNULL = YES;
				CLANG_ANALYZER_NUMBER_OBJECT_CONVERSION = YES_AGGRESSIVE;
				CLANG_CXX_LANGUAGE_STANDARD = "gnu++14";
				CLANG_CXX_LIBRARY = "libc++";
				CLANG_ENABLE_MODULES = YES;
				CLANG_ENABLE_OBJC_ARC = YES;
				CLANG_ENABLE_OBJC_WEAK = YES;
				CLANG_WARN_BLOCK_CAPTURE_AUTORELEASING = YES;
				CLANG_WARN_BOOL_CONVERSION = YES;
				CLANG_WARN_COMMA = YES;
				CLANG_WARN_CONSTANT_CONVERSION = YES;
				CLANG_WARN_DEPRECATED_OBJC_IMPLEMENTATIONS = YES;
				CLANG_WARN_DIRECT_OBJC_ISA_USAGE = YES_ERROR;
				CLANG_WARN_DOCUMENTATION_COMMENTS = YES;
				CLANG_WARN_EMPTY_BODY = YES;
				CLANG_WARN_ENUM_CONVERSION = YES;
				CLANG_WARN_INFINITE_RECURSION = YES;
				CLANG_WARN_INT_CONVERSION = YES;
				CLANG_WARN_NON_LITERAL_NULL_CONVERSION = YES;
				CLANG_WARN_OBJC_IMPLICIT_RETAIN_SELF = YES;
				CLANG_WARN_OBJC_LITERAL_CONVERSION = YES;
				CLANG_WARN_OBJC_ROOT_CLASS = YES_ERROR;
				CLANG_WARN_RANGE_LOOP_ANALYSIS = YES;
				CLANG_WARN_STRICT_PROTOTYPES = YES;
				CLANG_WARN_SUSPICIOUS_MOVE = YES;
				CLANG_WARN_UNGUARDED_AVAILABILITY = YES_AGGRESSIVE;
				CLANG_WARN_UNREACHABLE_CODE = YES;
				CLANG_WARN__DUPLICATE_METHOD_MATCH = YES;
				CODE_SIGN_IDENTITY = "iPhone Developer";
				COPY_PHASE_STRIP = NO;
				DEBUG_INFORMATION_FORMAT = dwarf;
				ENABLE_STRICT_OBJC_MSGSEND = YES;
				ENABLE_TESTABILITY = YES;
				GCC_C_LANGUAGE_STANDARD = gnu11;
				GCC_DYNAMIC_NO_PIC = NO;
				GCC_NO_COMMON_BLOCKS = YES;
				GCC_OPTIMIZATION_LEVEL = 0;
				GCC_PREPROCESSOR_DEFINITIONS = (
					"DEBUG=1",
					"$(inherited)",
				);
				GCC_WARN_64_TO_32_BIT_CONVERSION = YES;
				GCC_WARN_ABOUT_RETURN_TYPE = YES_ERROR;
				GCC_WARN_UNDECLARED_SELECTOR = YES;
				GCC_WARN_UNINITIALIZED_AUTOS = YES_AGGRESSIVE;
				GCC_WARN_UNUSED_FUNCTION = YES;
				GCC_WARN_UNUSED_VARIABLE = YES;
				IPHONEOS_DEPLOYMENT_TARGET = 11.3;
				MTL_ENABLE_DEBUG_INFO = YES;
				ONLY_ACTIVE_ARCH = YES;
				SDKROOT = iphoneos;
				SWIFT_ACTIVE_COMPILATION_CONDITIONS = DEBUG;
				SWIFT_OPTIMIZATION_LEVEL = "-Onone";
			};
			name = Debug;
		};
		B79401A420BD99880035C82D /* Release */ = {
			isa = XCBuildConfiguration;
			buildSettings = {
				ALWAYS_SEARCH_USER_PATHS = NO;
				CLANG_ANALYZER_NONNULL = YES;
				CLANG_ANALYZER_NUMBER_OBJECT_CONVERSION = YES_AGGRESSIVE;
				CLANG_CXX_LANGUAGE_STANDARD = "gnu++14";
				CLANG_CXX_LIBRARY = "libc++";
				CLANG_ENABLE_MODULES = YES;
				CLANG_ENABLE_OBJC_ARC = YES;
				CLANG_ENABLE_OBJC_WEAK = YES;
				CLANG_WARN_BLOCK_CAPTURE_AUTORELEASING = YES;
				CLANG_WARN_BOOL_CONVERSION = YES;
				CLANG_WARN_COMMA = YES;
				CLANG_WARN_CONSTANT_CONVERSION = YES;
				CLANG_WARN_DEPRECATED_OBJC_IMPLEMENTATIONS = YES;
				CLANG_WARN_DIRECT_OBJC_ISA_USAGE = YES_ERROR;
				CLANG_WARN_DOCUMENTATION_COMMENTS = YES;
				CLANG_WARN_EMPTY_BODY = YES;
				CLANG_WARN_ENUM_CONVERSION = YES;
				CLANG_WARN_INFINITE_RECURSION = YES;
				CLANG_WARN_INT_CONVERSION = YES;
				CLANG_WARN_NON_LITERAL_NULL_CONVERSION = YES;
				CLANG_WARN_OBJC_IMPLICIT_RETAIN_SELF = YES;
				CLANG_WARN_OBJC_LITERAL_CONVERSION = YES;
				CLANG_WARN_OBJC_ROOT_CLASS = YES_ERROR;
				CLANG_WARN_RANGE_LOOP_ANALYSIS = YES;
				CLANG_WARN_STRICT_PROTOTYPES = YES;
				CLANG_WARN_SUSPICIOUS_MOVE = YES;
				CLANG_WARN_UNGUARDED_AVAILABILITY = YES_AGGRESSIVE;
				CLANG_WARN_UNREACHABLE_CODE = YES;
				CLANG_WARN__DUPLICATE_METHOD_MATCH = YES;
				CODE_SIGN_IDENTITY = "iPhone Developer";
				COPY_PHASE_STRIP = NO;
				DEBUG_INFORMATION_FORMAT = "dwarf-with-dsym";
				ENABLE_NS_ASSERTIONS = NO;
				ENABLE_STRICT_OBJC_MSGSEND = YES;
				GCC_C_LANGUAGE_STANDARD = gnu11;
				GCC_NO_COMMON_BLOCKS = YES;
				GCC_WARN_64_TO_32_BIT_CONVERSION = YES;
				GCC_WARN_ABOUT_RETURN_TYPE = YES_ERROR;
				GCC_WARN_UNDECLARED_SELECTOR = YES;
				GCC_WARN_UNINITIALIZED_AUTOS = YES_AGGRESSIVE;
				GCC_WARN_UNUSED_FUNCTION = YES;
				GCC_WARN_UNUSED_VARIABLE = YES;
				IPHONEOS_DEPLOYMENT_TARGET = 11.3;
				MTL_ENABLE_DEBUG_INFO = NO;
				SDKROOT = iphoneos;
				SWIFT_COMPILATION_MODE = wholemodule;
				SWIFT_OPTIMIZATION_LEVEL = "-O";
				VALIDATE_PRODUCT = YES;
			};
			name = Release;
		};
		B79401A620BD99880035C82D /* Debug */ = {
			isa = XCBuildConfiguration;
			baseConfigurationReference = FEE622283C62C3D829F12F32 /* Pods-MixMakers.debug.xcconfig */;
			buildSettings = {
				ASSETCATALOG_COMPILER_APPICON_NAME = AppIcon;
				CODE_SIGN_STYLE = Automatic;
				DEVELOPMENT_TEAM = M2W4XFXLYT;
				INFOPLIST_FILE = MixMakers/Info.plist;
				LD_RUNPATH_SEARCH_PATHS = (
					"$(inherited)",
					"@executable_path/Frameworks",
				);
				PRODUCT_BUNDLE_IDENTIFIER = LMAKMixMakers;
				PRODUCT_NAME = "$(TARGET_NAME)";
				SWIFT_VERSION = 4.0;
				TARGETED_DEVICE_FAMILY = "1,2";
			};
			name = Debug;
		};
		B79401A720BD99880035C82D /* Release */ = {
			isa = XCBuildConfiguration;
			baseConfigurationReference = DB4321736AB74EFE86ECDF31 /* Pods-MixMakers.release.xcconfig */;
			buildSettings = {
				ASSETCATALOG_COMPILER_APPICON_NAME = AppIcon;
				CODE_SIGN_STYLE = Automatic;
				DEVELOPMENT_TEAM = M2W4XFXLYT;
				INFOPLIST_FILE = MixMakers/Info.plist;
				LD_RUNPATH_SEARCH_PATHS = (
					"$(inherited)",
					"@executable_path/Frameworks",
				);
				PRODUCT_BUNDLE_IDENTIFIER = LMAKMixMakers;
				PRODUCT_NAME = "$(TARGET_NAME)";
				SWIFT_VERSION = 4.0;
				TARGETED_DEVICE_FAMILY = "1,2";
			};
			name = Release;
		};
		B79401A920BD99880035C82D /* Debug */ = {
			isa = XCBuildConfiguration;
			baseConfigurationReference = 6D3C654FC3FB1DB947AE7091 /* Pods-MixMakersTests.debug.xcconfig */;
			buildSettings = {
				ALWAYS_EMBED_SWIFT_STANDARD_LIBRARIES = YES;
				BUNDLE_LOADER = "$(TEST_HOST)";
				CODE_SIGN_STYLE = Automatic;
				INFOPLIST_FILE = MixMakersTests/Info.plist;
				LD_RUNPATH_SEARCH_PATHS = (
					"$(inherited)",
					"@executable_path/Frameworks",
					"@loader_path/Frameworks",
				);
				PRODUCT_BUNDLE_IDENTIFIER = MixMakers.MixMakersTests;
				PRODUCT_NAME = "$(TARGET_NAME)";
				SWIFT_VERSION = 4.0;
				TARGETED_DEVICE_FAMILY = "1,2";
				TEST_HOST = "$(BUILT_PRODUCTS_DIR)/MixMakers.app/MixMakers";
			};
			name = Debug;
		};
		B79401AA20BD99880035C82D /* Release */ = {
			isa = XCBuildConfiguration;
			baseConfigurationReference = 5F528E63ECCE108F4F828795 /* Pods-MixMakersTests.release.xcconfig */;
			buildSettings = {
				ALWAYS_EMBED_SWIFT_STANDARD_LIBRARIES = YES;
				BUNDLE_LOADER = "$(TEST_HOST)";
				CODE_SIGN_STYLE = Automatic;
				INFOPLIST_FILE = MixMakersTests/Info.plist;
				LD_RUNPATH_SEARCH_PATHS = (
					"$(inherited)",
					"@executable_path/Frameworks",
					"@loader_path/Frameworks",
				);
				PRODUCT_BUNDLE_IDENTIFIER = MixMakers.MixMakersTests;
				PRODUCT_NAME = "$(TARGET_NAME)";
				SWIFT_VERSION = 4.0;
				TARGETED_DEVICE_FAMILY = "1,2";
				TEST_HOST = "$(BUILT_PRODUCTS_DIR)/MixMakers.app/MixMakers";
			};
			name = Release;
		};
		B79401AC20BD99880035C82D /* Debug */ = {
			isa = XCBuildConfiguration;
			baseConfigurationReference = 3B6CC8C6F91670B0934EAC33 /* Pods-MixMakersUITests.debug.xcconfig */;
			buildSettings = {
				ALWAYS_EMBED_SWIFT_STANDARD_LIBRARIES = YES;
				CODE_SIGN_STYLE = Automatic;
				INFOPLIST_FILE = MixMakersUITests/Info.plist;
				LD_RUNPATH_SEARCH_PATHS = (
					"$(inherited)",
					"@executable_path/Frameworks",
					"@loader_path/Frameworks",
				);
				PRODUCT_BUNDLE_IDENTIFIER = MixMakers.MixMakersUITests;
				PRODUCT_NAME = "$(TARGET_NAME)";
				SWIFT_VERSION = 4.0;
				TARGETED_DEVICE_FAMILY = "1,2";
				TEST_TARGET_NAME = MixMakers;
			};
			name = Debug;
		};
		B79401AD20BD99880035C82D /* Release */ = {
			isa = XCBuildConfiguration;
			baseConfigurationReference = 248F2533DC90900FFCAF4EA1 /* Pods-MixMakersUITests.release.xcconfig */;
			buildSettings = {
				ALWAYS_EMBED_SWIFT_STANDARD_LIBRARIES = YES;
				CODE_SIGN_STYLE = Automatic;
				INFOPLIST_FILE = MixMakersUITests/Info.plist;
				LD_RUNPATH_SEARCH_PATHS = (
					"$(inherited)",
					"@executable_path/Frameworks",
					"@loader_path/Frameworks",
				);
				PRODUCT_BUNDLE_IDENTIFIER = MixMakers.MixMakersUITests;
				PRODUCT_NAME = "$(TARGET_NAME)";
				SWIFT_VERSION = 4.0;
				TARGETED_DEVICE_FAMILY = "1,2";
				TEST_TARGET_NAME = MixMakers;
			};
			name = Release;
		};
/* End XCBuildConfiguration section */

/* Begin XCConfigurationList section */
		6921D79A20C0557200E4583B /* Build configuration list for PBXNativeTarget "HomepageTests" */ = {
			isa = XCConfigurationList;
			buildConfigurations = (
				6921D79B20C0557200E4583B /* Debug */,
				6921D79C20C0557200E4583B /* Release */,
			);
			defaultConfigurationIsVisible = 0;
			defaultConfigurationName = Release;
		};
		69D1AD8620BF01DA001906AE /* Build configuration list for PBXNativeTarget "MixUITests" */ = {
			isa = XCConfigurationList;
			buildConfigurations = (
				69D1AD8720BF01DA001906AE /* Debug */,
				69D1AD8820BF01DA001906AE /* Release */,
			);
			defaultConfigurationIsVisible = 0;
			defaultConfigurationName = Release;
		};
		B794017820BD99860035C82D /* Build configuration list for PBXProject "MixMakers" */ = {
			isa = XCConfigurationList;
			buildConfigurations = (
				B79401A320BD99880035C82D /* Debug */,
				B79401A420BD99880035C82D /* Release */,
			);
			defaultConfigurationIsVisible = 0;
			defaultConfigurationName = Release;
		};
		B79401A520BD99880035C82D /* Build configuration list for PBXNativeTarget "MixMakers" */ = {
			isa = XCConfigurationList;
			buildConfigurations = (
				B79401A620BD99880035C82D /* Debug */,
				B79401A720BD99880035C82D /* Release */,
			);
			defaultConfigurationIsVisible = 0;
			defaultConfigurationName = Release;
		};
		B79401A820BD99880035C82D /* Build configuration list for PBXNativeTarget "MixMakersTests" */ = {
			isa = XCConfigurationList;
			buildConfigurations = (
				B79401A920BD99880035C82D /* Debug */,
				B79401AA20BD99880035C82D /* Release */,
			);
			defaultConfigurationIsVisible = 0;
			defaultConfigurationName = Release;
		};
		B79401AB20BD99880035C82D /* Build configuration list for PBXNativeTarget "MixMakersUITests" */ = {
			isa = XCConfigurationList;
			buildConfigurations = (
				B79401AC20BD99880035C82D /* Debug */,
				B79401AD20BD99880035C82D /* Release */,
			);
			defaultConfigurationIsVisible = 0;
			defaultConfigurationName = Release;
		};
/* End XCConfigurationList section */
	};
	rootObject = B794017520BD99860035C82D /* Project object */;
}
